
Microsoft Visual Studio Solution File, Format Version 12.00
# Visual Studio Version 17
VisualStudioVersion = 17.13.35931.197
MinimumVisualStudioVersion = 10.0.40219.1
Project("{FAE04EC0-301F-11D3-BF4B-00C04F79EFBC}") = "Pizza-Ordering-Project", "Pizza-Ordering-Project.csproj", "{60A53D3B-2231-45A1-A621-72FDBABBC494}"
EndProject
Global
	GlobalSection(SolutionConfigurationPlatforms) = preSolution
		Debug|Any CPU = Debug|Any CPU
		Release|Any CPU = Release|Any CPU
	EndGlobalSection
	GlobalSection(ProjectConfigurationPlatforms) = postSolution
		{60A53D3B-2231-45A1-A621-72FDBABBC494}.Debug|Any CPU.ActiveCfg = Debug|Any CPU
		{60A53D3B-2231-45A1-A621-72FDBABBC494}.Debug|Any CPU.Build.0 = Debug|Any CPU
		{60A53D3B-2231-45A1-A621-72FDBABBC494}.Release|Any CPU.ActiveCfg = Release|Any CPU
		{60A53D3B-2231-45A1-A621-72FDBABBC494}.Release|Any CPU.Build.0 = Release|Any CPU
	EndGlobalSection
	GlobalSection(SolutionProperties) = preSolution
		HideSolutionNode = FALSE
	EndGlobalSection
	GlobalSection(ExtensibilityGlobals) = postSolution
		SolutionGuid = {783B240F-F47F-4853-811F-261579DD8488}
	EndGlobalSection
EndGlobal
